
Microsoft Visual Studio Solution File, Format Version 12.00
# Visual Studio 14
VisualStudioVersion = 14.0.24720.0
MinimumVisualStudioVersion = 10.0.40219.1
Project("{FAE04EC0-301F-11D3-BF4B-00C04F79EFBC}") = "OpenRoC", "OpenRoC.csproj", "{374DFCEE-DEEA-4D48-958E-0C8F64E9FCF6}"
EndProject
Project("{FAE04EC0-301F-11D3-BF4B-00C04F79EFBC}") = "libOpenRoC", "..\libOpenRoC\libOpenRoC.csproj", "{90C91845-E5AE-42D2-8CAD-E52564C344D0}"
EndProject
Project("{FAE04EC0-301F-11D3-BF4B-00C04F79EFBC}") = "testOpenRoC", "..\testOpenRoC\testOpenRoC.csproj", "{67901A36-B033-42D1-9651-02E1535FD389}"
EndProject
Global
	GlobalSection(SolutionConfigurationPlatforms) = preSolution
		Debug|Any CPU = Debug|Any CPU
		Release|Any CPU = Release|Any CPU
	EndGlobalSection
	GlobalSection(ProjectConfigurationPlatforms) = postSolution
		{374DFCEE-DEEA-4D48-958E-0C8F64E9FCF6}.Debug|Any CPU.ActiveCfg = Debug|Any CPU
		{374DFCEE-DEEA-4D48-958E-0C8F64E9FCF6}.Debug|Any CPU.Build.0 = Debug|Any CPU
		{374DFCEE-DEEA-4D48-958E-0C8F64E9FCF6}.Release|Any CPU.ActiveCfg = Release|Any CPU
		{374DFCEE-DEEA-4D48-958E-0C8F64E9FCF6}.Release|Any CPU.Build.0 = Release|Any CPU
		{90C91845-E5AE-42D2-8CAD-E52564C344D0}.Debug|Any CPU.ActiveCfg = Debug|Any CPU
		{90C91845-E5AE-42D2-8CAD-E52564C344D0}.Debug|Any CPU.Build.0 = Debug|Any CPU
		{90C91845-E5AE-42D2-8CAD-E52564C344D0}.Release|Any CPU.ActiveCfg = Release|Any CPU
		{90C91845-E5AE-42D2-8CAD-E52564C344D0}.Release|Any CPU.Build.0 = Release|Any CPU
		{67901A36-B033-42D1-9651-02E1535FD389}.Debug|Any CPU.ActiveCfg = Debug|Any CPU
		{67901A36-B033-42D1-9651-02E1535FD389}.Debug|Any CPU.Build.0 = Debug|Any CPU
		{67901A36-B033-42D1-9651-02E1535FD389}.Release|Any CPU.ActiveCfg = Release|Any CPU
		{67901A36-B033-42D1-9651-02E1535FD389}.Release|Any CPU.Build.0 = Release|Any CPU
	EndGlobalSection
	GlobalSection(SolutionProperties) = preSolution
		HideSolutionNode = FALSE
	EndGlobalSection
EndGlobal
